
Microsoft Visual Studio Solution File, Format Version 12.00
# Visual Studio Version 17
VisualStudioVersion = 17.4.33103.184
MinimumVisualStudioVersion = 10.0.40219.1
Project("{FAE04EC0-301F-11D3-BF4B-00C04F79EFBC}") = "WebApi", "WebApi\WebApi.csproj", "{1C9334AC-1356-4D4B-94AD-725BB9AF631D}"
EndProject
Project("{FAE04EC0-301F-11D3-BF4B-00C04F79EFBC}") = "WebApiCore", "WebApiCore\WebApiCore.csproj", "{7DA6CD9D-91D4-4A01-9536-56161609B2BC}"
EndProject
Project("{FAE04EC0-301F-11D3-BF4B-00C04F79EFBC}") = "WebApiWithoutOwin", "WebApiWithoutOwin\WebApiWithoutOwin.csproj", "{AACF19F6-D8CD-408E-81F4-6FAC6E4CDEF6}"
EndProject
Global
	GlobalSection(SolutionConfigurationPlatforms) = preSolution
		Debug|Any CPU = Debug|Any CPU
		Release|Any CPU = Release|Any CPU
	EndGlobalSection
	GlobalSection(ProjectConfigurationPlatforms) = postSolution
		{1C9334AC-1356-4D4B-94AD-725BB9AF631D}.Debug|Any CPU.ActiveCfg = Debug|Any CPU
		{1C9334AC-1356-4D4B-94AD-725BB9AF631D}.Debug|Any CPU.Build.0 = Debug|Any CPU
		{1C9334AC-1356-4D4B-94AD-725BB9AF631D}.Release|Any CPU.ActiveCfg = Release|Any CPU
		{1C9334AC-1356-4D4B-94AD-725BB9AF631D}.Release|Any CPU.Build.0 = Release|Any CPU
		{7DA6CD9D-91D4-4A01-9536-56161609B2BC}.Debug|Any CPU.ActiveCfg = Debug|Any CPU
		{7DA6CD9D-91D4-4A01-9536-56161609B2BC}.Debug|Any CPU.Build.0 = Debug|Any CPU
		{7DA6CD9D-91D4-4A01-9536-56161609B2BC}.Release|Any CPU.ActiveCfg = Release|Any CPU
		{7DA6CD9D-91D4-4A01-9536-56161609B2BC}.Release|Any CPU.Build.0 = Release|Any CPU
		{AACF19F6-D8CD-408E-81F4-6FAC6E4CDEF6}.Debug|Any CPU.ActiveCfg = Debug|Any CPU
		{AACF19F6-D8CD-408E-81F4-6FAC6E4CDEF6}.Debug|Any CPU.Build.0 = Debug|Any CPU
		{AACF19F6-D8CD-408E-81F4-6FAC6E4CDEF6}.Release|Any CPU.ActiveCfg = Release|Any CPU
		{AACF19F6-D8CD-408E-81F4-6FAC6E4CDEF6}.Release|Any CPU.Build.0 = Release|Any CPU
	EndGlobalSection
	GlobalSection(SolutionProperties) = preSolution
		HideSolutionNode = FALSE
	EndGlobalSection
	GlobalSection(ExtensibilityGlobals) = postSolution
		SolutionGuid = {3ABC12CF-1B94-4F19-A46B-68A59F7FAB3A}
	EndGlobalSection
EndGlobal
